<?xml version="1.0" encoding="UTF-8"?>
<Scheme
   version = "1.3">
   <BuildAction>
      <BuildActionEntries>
         <BuildActionEntry
            buildForRunning = "YES">
            <BuildableReference
               BuildableIdentifier = "primary"
               BlueprintIdentifier = "9EDF7AC143FFF78B5BF3F8CF"
               BuildableName = "ReSTL"
               BlueprintName = "ReSTL"
               ReferencedContainer = "container:ReSTL.xcodeproj">
            </BuildableReference>
         </BuildActionEntry>
      </BuildActionEntries>
   </BuildAction>
   <LaunchAction
      useCustomWorkingDirectory = "NO"
      buildConfiguration = "Debug">
      <BuildableProductRunnable>
         <BuildableReference
            BuildableIdentifier = "primary"
            BlueprintIdentifier = "9EDF7AC143FFF78B5BF3F8CF"
            BuildableName = "ReSTL"
            BlueprintName = "ReSTL"
            ReferencedContainer = "container:ReSTL.xcodeproj">
         </BuildableReference>
      </BuildableProductRunnable>
   </LaunchAction>
</Scheme>
